
Microsoft Visual Studio Solution File, Format Version 12.00
# Visual Studio Version 16
VisualStudioVersion = 16.0.29728.190
MinimumVisualStudioVersion = 10.0.40219.1
Project("{FAE04EC0-301F-11D3-BF4B-00C04F79EFBC}") = "MemoryLeak", "MemoryLeak\MemoryLeak.csproj", "{8DA75EB4-8120-4670-8D21-D94811145B33}"
EndProject
Project("{FAE04EC0-301F-11D3-BF4B-00C04F79EFBC}") = "PlatformNotSupportedException", "PlatformNotSupportedException\PlatformNotSupportedException.csproj", "{12C8D1E4-BE3E-4103-A400-A61A8257C47B}"
EndProject
Global
	GlobalSection(SolutionConfigurationPlatforms) = preSolution
		Debug|Any CPU = Debug|Any CPU
		Release|Any CPU = Release|Any CPU
	EndGlobalSection
	GlobalSection(ProjectConfigurationPlatforms) = postSolution
		{8DA75EB4-8120-4670-8D21-D94811145B33}.Debug|Any CPU.ActiveCfg = Debug|Any CPU
		{8DA75EB4-8120-4670-8D21-D94811145B33}.Debug|Any CPU.Build.0 = Debug|Any CPU
		{8DA75EB4-8120-4670-8D21-D94811145B33}.Release|Any CPU.ActiveCfg = Release|Any CPU
		{8DA75EB4-8120-4670-8D21-D94811145B33}.Release|Any CPU.Build.0 = Release|Any CPU
		{12C8D1E4-BE3E-4103-A400-A61A8257C47B}.Debug|Any CPU.ActiveCfg = Debug|Any CPU
		{12C8D1E4-BE3E-4103-A400-A61A8257C47B}.Debug|Any CPU.Build.0 = Debug|Any CPU
		{12C8D1E4-BE3E-4103-A400-A61A8257C47B}.Release|Any CPU.ActiveCfg = Release|Any CPU
		{12C8D1E4-BE3E-4103-A400-A61A8257C47B}.Release|Any CPU.Build.0 = Release|Any CPU
	EndGlobalSection
	GlobalSection(SolutionProperties) = preSolution
		HideSolutionNode = FALSE
	EndGlobalSection
	GlobalSection(ExtensibilityGlobals) = postSolution
		SolutionGuid = {1249D642-E829-442B-804E-2506CD41E2EC}
	EndGlobalSection
EndGlobal
